
Microsoft Visual Studio Solution File, Format Version 12.00
# Visual Studio Version 17
VisualStudioVersion = 17.11.35219.272
MinimumVisualStudioVersion = 10.0.40219.1
Project("{9A19103F-16F7-4668-BE54-9A1E7A4F7556}") = "Analyseapp", "Analyseapp\Analyseapp.csproj", "{DBCB1FF3-17F4-43C8-BD5D-7970276B9C36}"
EndProject
Global
	GlobalSection(SolutionConfigurationPlatforms) = preSolution
		Debug|Any CPU = Debug|Any CPU
		Release|Any CPU = Release|Any CPU
	EndGlobalSection
	GlobalSection(ProjectConfigurationPlatforms) = postSolution
		{DBCB1FF3-17F4-43C8-BD5D-7970276B9C36}.Debug|Any CPU.ActiveCfg = Debug|Any CPU
		{DBCB1FF3-17F4-43C8-BD5D-7970276B9C36}.Debug|Any CPU.Build.0 = Debug|Any CPU
		{DBCB1FF3-17F4-43C8-BD5D-7970276B9C36}.Release|Any CPU.ActiveCfg = Release|Any CPU
		{DBCB1FF3-17F4-43C8-BD5D-7970276B9C36}.Release|Any CPU.Build.0 = Release|Any CPU
	EndGlobalSection
	GlobalSection(SolutionProperties) = preSolution
		HideSolutionNode = FALSE
	EndGlobalSection
	GlobalSection(ExtensibilityGlobals) = postSolution
		SolutionGuid = {6AECC9C4-40E5-4A22-83DA-3B1D5441F4B6}
	EndGlobalSection
EndGlobal
